// !$*UTF8*$!
{
	archiveVersion = 1;
	classes = {
	};
	objectVersion = 56;
	objects = {

/* Begin PBXBuildFile section */
		4D2E9EE12CEB384100CE4175 /* DocumentTableViewController.swift in Sources */ = {isa = PBXBuildFile; fileRef = 4D2E9EE02CEB384100CE4175 /* DocumentTableViewController.swift */; };
		4D2E9EE82CEB6F8000CE4175 /* thispersondoesnotexist3.com.jpeg in Resources */ = {isa = PBXBuildFile; fileRef = 4D2E9EE32CEB6F7F00CE4175 /* thispersondoesnotexist3.com.jpeg */; };
		4D2E9EE92CEB6F8000CE4175 /* thispersondoesnotexist4.com.jpeg in Resources */ = {isa = PBXBuildFile; fileRef = 4D2E9EE42CEB6F7F00CE4175 /* thispersondoesnotexist4.com.jpeg */; };
		4D2E9EEA2CEB6F8000CE4175 /* thispersondoesnotexist.com.jpeg in Resources */ = {isa = PBXBuildFile; fileRef = 4D2E9EE52CEB6F7F00CE4175 /* thispersondoesnotexist.com.jpeg */; };
		4D2E9EEB2CEB6F8000CE4175 /* thispersondoesnotexist2.com.jpeg in Resources */ = {isa = PBXBuildFile; fileRef = 4D2E9EE62CEB6F7F00CE4175 /* thispersondoesnotexist2.com.jpeg */; };
		4D2E9EEC2CEB6F8000CE4175 /* thispersondoesnotexist5.com.jpeg in Resources */ = {isa = PBXBuildFile; fileRef = 4D2E9EE72CEB6F8000CE4175 /* thispersondoesnotexist5.com.jpeg */; };
		4D2E9EF22CEB778100CE4175 /* thispersondoesnotexist.com-6.jpeg in Resources */ = {isa = PBXBuildFile; fileRef = 4D2E9EED2CEB778100CE4175 /* thispersondoesnotexist.com-6.jpeg */; };
		4D2E9EF32CEB778100CE4175 /* thispersondoesnotexist.com-3.jpeg in Resources */ = {isa = PBXBuildFile; fileRef = 4D2E9EEE2CEB778100CE4175 /* thispersondoesnotexist.com-3.jpeg */; };
		4D2E9EF42CEB778100CE4175 /* thispersondoesnotexist.com-2.jpeg in Resources */ = {isa = PBXBuildFile; fileRef = 4D2E9EEF2CEB778100CE4175 /* thispersondoesnotexist.com-2.jpeg */; };
		4D2E9EF52CEB778100CE4175 /* thispersondoesnotexist.com-5.jpeg in Resources */ = {isa = PBXBuildFile; fileRef = 4D2E9EF02CEB778100CE4175 /* thispersondoesnotexist.com-5.jpeg */; };
		4D2E9EF62CEB778100CE4175 /* thispersondoesnotexist.com-4.jpeg in Resources */ = {isa = PBXBuildFile; fileRef = 4D2E9EF12CEB778100CE4175 /* thispersondoesnotexist.com-4.jpeg */; };
		4D2E9EF82CEB89C900CE4175 /* DocumentViewController.swift in Sources */ = {isa = PBXBuildFile; fileRef = 4D2E9EF72CEB89C900CE4175 /* DocumentViewController.swift */; };
		4D8EE5A82CEB26E500DE5228 /* AppDelegate.swift in Sources */ = {isa = PBXBuildFile; fileRef = 4D8EE5A72CEB26E500DE5228 /* AppDelegate.swift */; };
		4D8EE5AA2CEB26E500DE5228 /* SceneDelegate.swift in Sources */ = {isa = PBXBuildFile; fileRef = 4D8EE5A92CEB26E500DE5228 /* SceneDelegate.swift */; };
		4D8EE5AC2CEB26E500DE5228 /* ViewController.swift in Sources */ = {isa = PBXBuildFile; fileRef = 4D8EE5AB2CEB26E500DE5228 /* ViewController.swift */; };
		4D8EE5AF2CEB26E500DE5228 /* Main.storyboard in Resources */ = {isa = PBXBuildFile; fileRef = 4D8EE5AD2CEB26E500DE5228 /* Main.storyboard */; };
		4D8EE5B12CEB26E700DE5228 /* Assets.xcassets in Resources */ = {isa = PBXBuildFile; fileRef = 4D8EE5B02CEB26E700DE5228 /* Assets.xcassets */; };
		4D8EE5B42CEB26E700DE5228 /* LaunchScreen.storyboard in Resources */ = {isa = PBXBuildFile; fileRef = 4D8EE5B22CEB26E700DE5228 /* LaunchScreen.storyboard */; };
/* End PBXBuildFile section */

/* Begin PBXFileReference section */
		4D2E9EE02CEB384100CE4175 /* DocumentTableViewController.swift */ = {isa = PBXFileReference; lastKnownFileType = sourcecode.swift; path = DocumentTableViewController.swift; sourceTree = "<group>"; };
		4D2E9EE22CEB48F500CE4175 /* Answers.md */ = {isa = PBXFileReference; lastKnownFileType = net.daringfireball.markdown; path = Answers.md; sourceTree = "<group>"; };
		4D2E9EE32CEB6F7F00CE4175 /* thispersondoesnotexist3.com.jpeg */ = {isa = PBXFileReference; lastKnownFileType = image.jpeg; name = thispersondoesnotexist3.com.jpeg; path = ../../../Downloads/thispersondoesnotexist3.com.jpeg; sourceTree = "<group>"; };
		4D2E9EE42CEB6F7F00CE4175 /* thispersondoesnotexist4.com.jpeg */ = {isa = PBXFileReference; lastKnownFileType = image.jpeg; name = thispersondoesnotexist4.com.jpeg; path = ../../../Downloads/thispersondoesnotexist4.com.jpeg; sourceTree = "<group>"; };
		4D2E9EE52CEB6F7F00CE4175 /* thispersondoesnotexist.com.jpeg */ = {isa = PBXFileReference; lastKnownFileType = image.jpeg; name = thispersondoesnotexist.com.jpeg; path = ../../../Downloads/thispersondoesnotexist.com.jpeg; sourceTree = "<group>"; };
		4D2E9EE62CEB6F7F00CE4175 /* thispersondoesnotexist2.com.jpeg */ = {isa = PBXFileReference; lastKnownFileType = image.jpeg; name = thispersondoesnotexist2.com.jpeg; path = ../../../Downloads/thispersondoesnotexist2.com.jpeg; sourceTree = "<group>"; };
		4D2E9EE72CEB6F8000CE4175 /* thispersondoesnotexist5.com.jpeg */ = {isa = PBXFileReference; lastKnownFileType = image.jpeg; name = thispersondoesnotexist5.com.jpeg; path = ../../../Downloads/thispersondoesnotexist5.com.jpeg; sourceTree = "<group>"; };
		4D2E9EED2CEB778100CE4175 /* thispersondoesnotexist.com-6.jpeg */ = {isa = PBXFileReference; lastKnownFileType = image.jpeg; path = "thispersondoesnotexist.com-6.jpeg"; sourceTree = "<group>"; };
		4D2E9EEE2CEB778100CE4175 /* thispersondoesnotexist.com-3.jpeg */ = {isa = PBXFileReference; lastKnownFileType = image.jpeg; path = "thispersondoesnotexist.com-3.jpeg"; sourceTree = "<group>"; };
		4D2E9EEF2CEB778100CE4175 /* thispersondoesnotexist.com-2.jpeg */ = {isa = PBXFileReference; lastKnownFileType = image.jpeg; path = "thispersondoesnotexist.com-2.jpeg"; sourceTree = "<group>"; };
		4D2E9EF02CEB778100CE4175 /* thispersondoesnotexist.com-5.jpeg */ = {isa = PBXFileReference; lastKnownFileType = image.jpeg; path = "thispersondoesnotexist.com-5.jpeg"; sourceTree = "<group>"; };
		4D2E9EF12CEB778100CE4175 /* thispersondoesnotexist.com-4.jpeg */ = {isa = PBXFileReference; lastKnownFileType = image.jpeg; path = "thispersondoesnotexist.com-4.jpeg"; sourceTree = "<group>"; };
		4D2E9EF72CEB89C900CE4175 /* DocumentViewController.swift */ = {isa = PBXFileReference; lastKnownFileType = sourcecode.swift; path = DocumentViewController.swift; sourceTree = "<group>"; };
		4D8EE5A42CEB26E500DE5228 /* Document App.app */ = {isa = PBXFileReference; explicitFileType = wrapper.application; includeInIndex = 0; path = "Document App.app"; sourceTree = BUILT_PRODUCTS_DIR; };
		4D8EE5A72CEB26E500DE5228 /* AppDelegate.swift */ = {isa = PBXFileReference; lastKnownFileType = sourcecode.swift; path = AppDelegate.swift; sourceTree = "<group>"; };
		4D8EE5A92CEB26E500DE5228 /* SceneDelegate.swift */ = {isa = PBXFileReference; lastKnownFileType = sourcecode.swift; path = SceneDelegate.swift; sourceTree = "<group>"; };
		4D8EE5AB2CEB26E500DE5228 /* ViewController.swift */ = {isa = PBXFileReference; lastKnownFileType = sourcecode.swift; path = ViewController.swift; sourceTree = "<group>"; };
		4D8EE5AE2CEB26E500DE5228 /* Base */ = {isa = PBXFileReference; lastKnownFileType = file.storyboard; name = Base; path = Base.lproj/Main.storyboard; sourceTree = "<group>"; };
		4D8EE5B02CEB26E700DE5228 /* Assets.xcassets */ = {isa = PBXFileReference; lastKnownFileType = folder.assetcatalog; path = Assets.xcassets; sourceTree = "<group>"; };
		4D8EE5B32CEB26E700DE5228 /* Base */ = {isa = PBXFileReference; lastKnownFileType = file.storyboard; name = Base; path = Base.lproj/LaunchScreen.storyboard; sourceTree = "<group>"; };
		4D8EE5B52CEB26E700DE5228 /* Info.plist */ = {isa = PBXFileReference; lastKnownFileType = text.plist.xml; path = Info.plist; sourceTree = "<group>"; };
/* End PBXFileReference section */

/* Begin PBXFrameworksBuildPhase section */
		4D8EE5A12CEB26E500DE5228 /* Frameworks */ = {
			isa = PBXFrameworksBuildPhase;
			buildActionMask = 2147483647;
			files = (
			);
			runOnlyForDeploymentPostprocessing = 0;
		};
/* End PBXFrameworksBuildPhase section */

/* Begin PBXGroup section */
		4D8EE59B2CEB26E500DE5228 = {
			isa = PBXGroup;
			children = (
				4D2E9EE22CEB48F500CE4175 /* Answers.md */,
				4D8EE5A62CEB26E500DE5228 /* Document App */,
				4D8EE5A52CEB26E500DE5228 /* Products */,
			);
			sourceTree = "<group>";
		};
		4D8EE5A52CEB26E500DE5228 /* Products */ = {
			isa = PBXGroup;
			children = (
				4D8EE5A42CEB26E500DE5228 /* Document App.app */,
			);
			name = Products;
			sourceTree = "<group>";
		};
		4D8EE5A62CEB26E500DE5228 /* Document App */ = {
			isa = PBXGroup;
			children = (
				4D8EE5AB2CEB26E500DE5228 /* ViewController.swift */,
				4D2E9EE02CEB384100CE4175 /* DocumentTableViewController.swift */,
				4D2E9EF72CEB89C900CE4175 /* DocumentViewController.swift */,
				4D8EE5A72CEB26E500DE5228 /* AppDelegate.swift */,
				4D8EE5A92CEB26E500DE5228 /* SceneDelegate.swift */,
				4D8EE5AD2CEB26E500DE5228 /* Main.storyboard */,
				4D8EE5B02CEB26E700DE5228 /* Assets.xcassets */,
				4D8EE5B22CEB26E700DE5228 /* LaunchScreen.storyboard */,
				4D8EE5B52CEB26E700DE5228 /* Info.plist */,
				4D2E9EE52CEB6F7F00CE4175 /* thispersondoesnotexist.com.jpeg */,
				4D2E9EE62CEB6F7F00CE4175 /* thispersondoesnotexist2.com.jpeg */,
				4D2E9EE32CEB6F7F00CE4175 /* thispersondoesnotexist3.com.jpeg */,
				4D2E9EE72CEB6F8000CE4175 /* thispersondoesnotexist5.com.jpeg */,
				4D2E9EE42CEB6F7F00CE4175 /* thispersondoesnotexist4.com.jpeg */,
				4D2E9EEF2CEB778100CE4175 /* thispersondoesnotexist.com-2.jpeg */,
				4D2E9EEE2CEB778100CE4175 /* thispersondoesnotexist.com-3.jpeg */,
				4D2E9EF12CEB778100CE4175 /* thispersondoesnotexist.com-4.jpeg */,
				4D2E9EF02CEB778100CE4175 /* thispersondoesnotexist.com-5.jpeg */,
				4D2E9EED2CEB778100CE4175 /* thispersondoesnotexist.com-6.jpeg */,
			);
			path = "Document App";
			sourceTree = "<group>";
		};
/* End PBXGroup section */

/* Begin PBXNativeTarget section */
		4D8EE5A32CEB26E500DE5228 /* Document App */ = {
			isa = PBXNativeTarget;
			buildConfigurationList = 4D8EE5B82CEB26E700DE5228 /* Build configuration list for PBXNativeTarget "Document App" */;
			buildPhases = (
				4D8EE5A02CEB26E500DE5228 /* Sources */,
				4D8EE5A12CEB26E500DE5228 /* Frameworks */,
				4D8EE5A22CEB26E500DE5228 /* Resources */,
			);
			buildRules = (
			);
			dependencies = (
			);
			name = "Document App";
			productName = "Document App";
			productReference = 4D8EE5A42CEB26E500DE5228 /* Document App.app */;
			productType = "com.apple.product-type.application";
		};
/* End PBXNativeTarget section */

/* Begin PBXProject section */
		4D8EE59C2CEB26E500DE5228 /* Project object */ = {
			isa = PBXProject;
			attributes = {
				BuildIndependentTargetsInParallel = 1;
				LastSwiftUpdateCheck = 1500;
				LastUpgradeCheck = 1500;
				TargetAttributes = {
					4D8EE5A32CEB26E500DE5228 = {
						CreatedOnToolsVersion = 15.0.1;
					};
				};
			};
			buildConfigurationList = 4D8EE59F2CEB26E500DE5228 /* Build configuration list for PBXProject "Document App" */;
			compatibilityVersion = "Xcode 14.0";
			developmentRegion = en;
			hasScannedForEncodings = 0;
			knownRegions = (
				en,
				Base,
			);
			mainGroup = 4D8EE59B2CEB26E500DE5228;
			productRefGroup = 4D8EE5A52CEB26E500DE5228 /* Products */;
			projectDirPath = "";
			projectRoot = "";
			targets = (
				4D8EE5A32CEB26E500DE5228 /* Document App */,
			);
		};
/* End PBXProject section */

/* Begin PBXResourcesBuildPhase section */
		4D8EE5A22CEB26E500DE5228 /* Resources */ = {
			isa = PBXResourcesBuildPhase;
			buildActionMask = 2147483647;
			files = (
				4D2E9EF52CEB778100CE4175 /* thispersondoesnotexist.com-5.jpeg in Resources */,
				4D2E9EE82CEB6F8000CE4175 /* thispersondoesnotexist3.com.jpeg in Resources */,
				4D8EE5B42CEB26E700DE5228 /* LaunchScreen.storyboard in Resources */,
				4D2E9EF62CEB778100CE4175 /* thispersondoesnotexist.com-4.jpeg in Resources */,
				4D2E9EF42CEB778100CE4175 /* thispersondoesnotexist.com-2.jpeg in Resources */,
				4D2E9EF32CEB778100CE4175 /* thispersondoesnotexist.com-3.jpeg in Resources */,
				4D8EE5B12CEB26E700DE5228 /* Assets.xcassets in Resources */,
				4D2E9EF22CEB778100CE4175 /* thispersondoesnotexist.com-6.jpeg in Resources */,
				4D8EE5AF2CEB26E500DE5228 /* Main.storyboard in Resources */,
				4D2E9EEC2CEB6F8000CE4175 /* thispersondoesnotexist5.com.jpeg in Resources */,
				4D2E9EEA2CEB6F8000CE4175 /* thispersondoesnotexist.com.jpeg in Resources */,
				4D2E9EEB2CEB6F8000CE4175 /* thispersondoesnotexist2.com.jpeg in Resources */,
				4D2E9EE92CEB6F8000CE4175 /* thispersondoesnotexist4.com.jpeg in Resources */,
			);
			runOnlyForDeploymentPostprocessing = 0;
		};
/* End PBXResourcesBuildPhase section */

/* Begin PBXSourcesBuildPhase section */
		4D8EE5A02CEB26E500DE5228 /* Sources */ = {
			isa = PBXSourcesBuildPhase;
			buildActionMask = 2147483647;
			files = (
				4D2E9EF82CEB89C900CE4175 /* DocumentViewController.swift in Sources */,
				4D8EE5AC2CEB26E500DE5228 /* ViewController.swift in Sources */,
				4D8EE5A82CEB26E500DE5228 /* AppDelegate.swift in Sources */,
				4D2E9EE12CEB384100CE4175 /* DocumentTableViewController.swift in Sources */,
				4D8EE5AA2CEB26E500DE5228 /* SceneDelegate.swift in Sources */,
			);
			runOnlyForDeploymentPostprocessing = 0;
		};
/* End PBXSourcesBuildPhase section */

/* Begin PBXVariantGroup section */
		4D8EE5AD2CEB26E500DE5228 /* Main.storyboard */ = {
			isa = PBXVariantGroup;
			children = (
				4D8EE5AE2CEB26E500DE5228 /* Base */,
			);
			name = Main.storyboard;
			sourceTree = "<group>";
		};
		4D8EE5B22CEB26E700DE5228 /* LaunchScreen.storyboard */ = {
			isa = PBXVariantGroup;
			children = (
				4D8EE5B32CEB26E700DE5228 /* Base */,
			);
			name = LaunchScreen.storyboard;
			sourceTree = "<group>";
		};
/* End PBXVariantGroup section */

/* Begin XCBuildConfiguration section */
		4D8EE5B62CEB26E700DE5228 /* Debug */ = {
			isa = XCBuildConfiguration;
			buildSettings = {
				ALWAYS_SEARCH_USER_PATHS = NO;
				ASSETCATALOG_COMPILER_GENERATE_SWIFT_ASSET_SYMBOL_EXTENSIONS = YES;
				CLANG_ANALYZER_NONNULL = YES;
				CLANG_ANALYZER_NUMBER_OBJECT_CONVERSION = YES_AGGRESSIVE;
				CLANG_CXX_LANGUAGE_STANDARD = "gnu++20";
				CLANG_ENABLE_MODULES = YES;
				CLANG_ENABLE_OBJC_ARC = YES;
				CLANG_ENABLE_OBJC_WEAK = YES;
				CLANG_WARN_BLOCK_CAPTURE_AUTORELEASING = YES;
				CLANG_WARN_BOOL_CONVERSION = YES;
				CLANG_WARN_COMMA = YES;
				CLANG_WARN_CONSTANT_CONVERSION = YES;
				CLANG_WARN_DEPRECATED_OBJC_IMPLEMENTATIONS = YES;
				CLANG_WARN_DIRECT_OBJC_ISA_USAGE = YES_ERROR;
				CLANG_WARN_DOCUMENTATION_COMMENTS = YES;
				CLANG_WARN_EMPTY_BODY = YES;
				CLANG_WARN_ENUM_CONVERSION = YES;
				CLANG_WARN_INFINITE_RECURSION = YES;
				CLANG_WARN_INT_CONVERSION = YES;
				CLANG_WARN_NON_LITERAL_NULL_CONVERSION = YES;
				CLANG_WARN_OBJC_IMPLICIT_RETAIN_SELF = YES;
				CLANG_WARN_OBJC_LITERAL_CONVERSION = YES;
				CLANG_WARN_OBJC_ROOT_CLASS = YES_ERROR;
				CLANG_WARN_QUOTED_INCLUDE_IN_FRAMEWORK_HEADER = YES;
				CLANG_WARN_RANGE_LOOP_ANALYSIS = YES;
				CLANG_WARN_STRICT_PROTOTYPES = YES;
				CLANG_WARN_SUSPICIOUS_MOVE = YES;
				CLANG_WARN_UNGUARDED_AVAILABILITY = YES_AGGRESSIVE;
				CLANG_WARN_UNREACHABLE_CODE = YES;
				CLANG_WARN__DUPLICATE_METHOD_MATCH = YES;
				COPY_PHASE_STRIP = NO;
				DEBUG_INFORMATION_FORMAT = dwarf;
				ENABLE_STRICT_OBJC_MSGSEND = YES;
				ENABLE_TESTABILITY = YES;
				ENABLE_USER_SCRIPT_SANDBOXING = YES;
				GCC_C_LANGUAGE_STANDARD = gnu17;
				GCC_DYNAMIC_NO_PIC = NO;
				GCC_NO_COMMON_BLOCKS = YES;
				GCC_OPTIMIZATION_LEVEL = 0;
				GCC_PREPROCESSOR_DEFINITIONS = (
					"DEBUG=1",
					"$(inherited)",
				);
				GCC_WARN_64_TO_32_BIT_CONVERSION = YES;
				GCC_WARN_ABOUT_RETURN_TYPE = YES_ERROR;
				GCC_WARN_UNDECLARED_SELECTOR = YES;
				GCC_WARN_UNINITIALIZED_AUTOS = YES_AGGRESSIVE;
				GCC_WARN_UNUSED_FUNCTION = YES;
				GCC_WARN_UNUSED_VARIABLE = YES;
				IPHONEOS_DEPLOYMENT_TARGET = 17.0;
				LOCALIZATION_PREFERS_STRING_CATALOGS = YES;
				MTL_ENABLE_DEBUG_INFO = INCLUDE_SOURCE;
				MTL_FAST_MATH = YES;
				ONLY_ACTIVE_ARCH = YES;
				SDKROOT = iphoneos;
				SWIFT_ACTIVE_COMPILATION_CONDITIONS = "DEBUG $(inherited)";
				SWIFT_OPTIMIZATION_LEVEL = "-Onone";
			};
			name = Debug;
		};
		4D8EE5B72CEB26E700DE5228 /* Release */ = {
			isa = XCBuildConfiguration;
			buildSettings = {
				ALWAYS_SEARCH_USER_PATHS = NO;
				ASSETCATALOG_COMPILER_GENERATE_SWIFT_ASSET_SYMBOL_EXTENSIONS = YES;
				CLANG_ANALYZER_NONNULL = YES;
				CLANG_ANALYZER_NUMBER_OBJECT_CONVERSION = YES_AGGRESSIVE;
				CLANG_CXX_LANGUAGE_STANDARD = "gnu++20";
				CLANG_ENABLE_MODULES = YES;
				CLANG_ENABLE_OBJC_ARC = YES;
				CLANG_ENABLE_OBJC_WEAK = YES;
				CLANG_WARN_BLOCK_CAPTURE_AUTORELEASING = YES;
				CLANG_WARN_BOOL_CONVERSION = YES;
				CLANG_WARN_COMMA = YES;
				CLANG_WARN_CONSTANT_CONVERSION = YES;
				CLANG_WARN_DEPRECATED_OBJC_IMPLEMENTATIONS = YES;
				CLANG_WARN_DIRECT_OBJC_ISA_USAGE = YES_ERROR;
				CLANG_WARN_DOCUMENTATION_COMMENTS = YES;
				CLANG_WARN_EMPTY_BODY = YES;
				CLANG_WARN_ENUM_CONVERSION = YES;
				CLANG_WARN_INFINITE_RECURSION = YES;
				CLANG_WARN_INT_CONVERSION = YES;
				CLANG_WARN_NON_LITERAL_NULL_CONVERSION = YES;
				CLANG_WARN_OBJC_IMPLICIT_RETAIN_SELF = YES;
				CLANG_WARN_OBJC_LITERAL_CONVERSION = YES;
				CLANG_WARN_OBJC_ROOT_CLASS = YES_ERROR;
				CLANG_WARN_QUOTED_INCLUDE_IN_FRAMEWORK_HEADER = YES;
				CLANG_WARN_RANGE_LOOP_ANALYSIS = YES;
				CLANG_WARN_STRICT_PROTOTYPES = YES;
				CLANG_WARN_SUSPICIOUS_MOVE = YES;
				CLANG_WARN_UNGUARDED_AVAILABILITY = YES_AGGRESSIVE;
				CLANG_WARN_UNREACHABLE_CODE = YES;
				CLANG_WARN__DUPLICATE_METHOD_MATCH = YES;
				COPY_PHASE_STRIP = NO;
				DEBUG_INFORMATION_FORMAT = "dwarf-with-dsym";
				ENABLE_NS_ASSERTIONS = NO;
				ENABLE_STRICT_OBJC_MSGSEND = YES;
				ENABLE_USER_SCRIPT_SANDBOXING = YES;
				GCC_C_LANGUAGE_STANDARD = gnu17;
				GCC_NO_COMMON_BLOCKS = YES;
				GCC_WARN_64_TO_32_BIT_CONVERSION = YES;
				GCC_WARN_ABOUT_RETURN_TYPE = YES_ERROR;
				GCC_WARN_UNDECLARED_SELECTOR = YES;
				GCC_WARN_UNINITIALIZED_AUTOS = YES_AGGRESSIVE;
				GCC_WARN_UNUSED_FUNCTION = YES;
				GCC_WARN_UNUSED_VARIABLE = YES;
				IPHONEOS_DEPLOYMENT_TARGET = 17.0;
				LOCALIZATION_PREFERS_STRING_CATALOGS = YES;
				MTL_ENABLE_DEBUG_INFO = NO;
				MTL_FAST_MATH = YES;
				SDKROOT = iphoneos;
				SWIFT_COMPILATION_MODE = wholemodule;
				VALIDATE_PRODUCT = YES;
			};
			name = Release;
		};
		4D8EE5B92CEB26E700DE5228 /* Debug */ = {
			isa = XCBuildConfiguration;
			buildSettings = {
				ASSETCATALOG_COMPILER_APPICON_NAME = AppIcon;
				ASSETCATALOG_COMPILER_GLOBAL_ACCENT_COLOR_NAME = AccentColor;
				CODE_SIGN_STYLE = Automatic;
				CURRENT_PROJECT_VERSION = 1;
				GENERATE_INFOPLIST_FILE = YES;
				INFOPLIST_FILE = "Document App/Info.plist";
				INFOPLIST_KEY_UIApplicationSupportsIndirectInputEvents = YES;
				INFOPLIST_KEY_UILaunchStoryboardName = LaunchScreen;
				INFOPLIST_KEY_UIMainStoryboardFile = Main;
				INFOPLIST_KEY_UISupportedInterfaceOrientations_iPad = "UIInterfaceOrientationPortrait UIInterfaceOrientationPortraitUpsideDown UIInterfaceOrientationLandscapeLeft UIInterfaceOrientationLandscapeRight";
				INFOPLIST_KEY_UISupportedInterfaceOrientations_iPhone = "UIInterfaceOrientationPortrait UIInterfaceOrientationLandscapeLeft UIInterfaceOrientationLandscapeRight";
				LD_RUNPATH_SEARCH_PATHS = (
					"$(inherited)",
					"@executable_path/Frameworks",
				);
				MARKETING_VERSION = 1.0;
				PRODUCT_BUNDLE_IDENTIFIER = "js.Document-App";
				PRODUCT_NAME = "$(TARGET_NAME)";
				SWIFT_EMIT_LOC_STRINGS = YES;
				SWIFT_VERSION = 5.0;
				TARGETED_DEVICE_FAMILY = "1,2";
			};
			name = Debug;
		};
		4D8EE5BA2CEB26E700DE5228 /* Release */ = {
			isa = XCBuildConfiguration;
			buildSettings = {
				ASSETCATALOG_COMPILER_APPICON_NAME = AppIcon;
				ASSETCATALOG_COMPILER_GLOBAL_ACCENT_COLOR_NAME = AccentColor;
				CODE_SIGN_STYLE = Automatic;
				CURRENT_PROJECT_VERSION = 1;
				GENERATE_INFOPLIST_FILE = YES;
				INFOPLIST_FILE = "Document App/Info.plist";
				INFOPLIST_KEY_UIApplicationSupportsIndirectInputEvents = YES;
				INFOPLIST_KEY_UILaunchStoryboardName = LaunchScreen;
				INFOPLIST_KEY_UIMainStoryboardFile = Main;
				INFOPLIST_KEY_UISupportedInterfaceOrientations_iPad = "UIInterfaceOrientationPortrait UIInterfaceOrientationPortraitUpsideDown UIInterfaceOrientationLandscapeLeft UIInterfaceOrientationLandscapeRight";
				INFOPLIST_KEY_UISupportedInterfaceOrientations_iPhone = "UIInterfaceOrientationPortrait UIInterfaceOrientationLandscapeLeft UIInterfaceOrientationLandscapeRight";
				LD_RUNPATH_SEARCH_PATHS = (
					"$(inherited)",
					"@executable_path/Frameworks",
				);
				MARKETING_VERSION = 1.0;
				PRODUCT_BUNDLE_IDENTIFIER = "js.Document-App";
				PRODUCT_NAME = "$(TARGET_NAME)";
				SWIFT_EMIT_LOC_STRINGS = YES;
				SWIFT_VERSION = 5.0;
				TARGETED_DEVICE_FAMILY = "1,2";
			};
			name = Release;
		};
/* End XCBuildConfiguration section */

/* Begin XCConfigurationList section */
		4D8EE59F2CEB26E500DE5228 /* Build configuration list for PBXProject "Document App" */ = {
			isa = XCConfigurationList;
			buildConfigurations = (
				4D8EE5B62CEB26E700DE5228 /* Debug */,
				4D8EE5B72CEB26E700DE5228 /* Release */,
			);
			defaultConfigurationIsVisible = 0;
			defaultConfigurationName = Release;
		};
		4D8EE5B82CEB26E700DE5228 /* Build configuration list for PBXNativeTarget "Document App" */ = {
			isa = XCConfigurationList;
			buildConfigurations = (
				4D8EE5B92CEB26E700DE5228 /* Debug */,
				4D8EE5BA2CEB26E700DE5228 /* Release */,
			);
			defaultConfigurationIsVisible = 0;
			defaultConfigurationName = Release;
		};
/* End XCConfigurationList section */
	};
	rootObject = 4D8EE59C2CEB26E500DE5228 /* Project object */;
}
